
Microsoft Visual Studio Solution File, Format Version 12.00
# Visual Studio Version 17
VisualStudioVersion = 17.8.34330.188
MinimumVisualStudioVersion = 10.0.40219.1
Project("{FAE04EC0-301F-11D3-BF4B-00C04F79EFBC}") = "Assignment09Alpha", "Assignment09Alpha\Assignment09Alpha.csproj", "{F5EFADFB-155D-4571-BFFC-B794C43F47E5}"
EndProject
Global
	GlobalSection(SolutionConfigurationPlatforms) = preSolution
		Debug|Any CPU = Debug|Any CPU
		Release|Any CPU = Release|Any CPU
	EndGlobalSection
	GlobalSection(ProjectConfigurationPlatforms) = postSolution
		{F5EFADFB-155D-4571-BFFC-B794C43F47E5}.Debug|Any CPU.ActiveCfg = Debug|Any CPU
		{F5EFADFB-155D-4571-BFFC-B794C43F47E5}.Debug|Any CPU.Build.0 = Debug|Any CPU
		{F5EFADFB-155D-4571-BFFC-B794C43F47E5}.Release|Any CPU.ActiveCfg = Release|Any CPU
		{F5EFADFB-155D-4571-BFFC-B794C43F47E5}.Release|Any CPU.Build.0 = Release|Any CPU
	EndGlobalSection
	GlobalSection(SolutionProperties) = preSolution
		HideSolutionNode = FALSE
	EndGlobalSection
	GlobalSection(ExtensibilityGlobals) = postSolution
		SolutionGuid = {0B61E2D5-CC9D-4239-9737-044FCA688851}
	EndGlobalSection
EndGlobal
